
Microsoft Visual Studio Solution File, Format Version 12.00
# Visual Studio Version 17
VisualStudioVersion = 17.6.33829.357
MinimumVisualStudioVersion = 10.0.40219.1
Project("{FAE04EC0-301F-11D3-BF4B-00C04F79EFBC}") = "Lab02", "Lab02\Lab02.csproj", "{D8A4D5F6-C0C0-4739-B733-A893076040BD}"
EndProject
Global
	GlobalSection(SolutionConfigurationPlatforms) = preSolution
		Debug|Any CPU = Debug|Any CPU
		Release|Any CPU = Release|Any CPU
	EndGlobalSection
	GlobalSection(ProjectConfigurationPlatforms) = postSolution
		{D8A4D5F6-C0C0-4739-B733-A893076040BD}.Debug|Any CPU.ActiveCfg = Debug|Any CPU
		{D8A4D5F6-C0C0-4739-B733-A893076040BD}.Debug|Any CPU.Build.0 = Debug|Any CPU
		{D8A4D5F6-C0C0-4739-B733-A893076040BD}.Release|Any CPU.ActiveCfg = Release|Any CPU
		{D8A4D5F6-C0C0-4739-B733-A893076040BD}.Release|Any CPU.Build.0 = Release|Any CPU
	EndGlobalSection
	GlobalSection(SolutionProperties) = preSolution
		HideSolutionNode = FALSE
	EndGlobalSection
	GlobalSection(ExtensibilityGlobals) = postSolution
		SolutionGuid = {C277B446-A054-48C5-AE7C-5564460FAAEC}
	EndGlobalSection
EndGlobal
