
Microsoft Visual Studio Solution File, Format Version 12.00
# Visual Studio Version 17
VisualStudioVersion = 17.6.33829.357
MinimumVisualStudioVersion = 10.0.40219.1
Project("{FAE04EC0-301F-11D3-BF4B-00C04F79EFBC}") = "Lab01", "Lab01\Lab01.csproj", "{A1C141F2-575C-4176-AACB-6054A78754E3}"
EndProject
Global
	GlobalSection(SolutionConfigurationPlatforms) = preSolution
		Debug|Any CPU = Debug|Any CPU
		Release|Any CPU = Release|Any CPU
	EndGlobalSection
	GlobalSection(ProjectConfigurationPlatforms) = postSolution
		{A1C141F2-575C-4176-AACB-6054A78754E3}.Debug|Any CPU.ActiveCfg = Debug|Any CPU
		{A1C141F2-575C-4176-AACB-6054A78754E3}.Debug|Any CPU.Build.0 = Debug|Any CPU
		{A1C141F2-575C-4176-AACB-6054A78754E3}.Release|Any CPU.ActiveCfg = Release|Any CPU
		{A1C141F2-575C-4176-AACB-6054A78754E3}.Release|Any CPU.Build.0 = Release|Any CPU
	EndGlobalSection
	GlobalSection(SolutionProperties) = preSolution
		HideSolutionNode = FALSE
	EndGlobalSection
	GlobalSection(ExtensibilityGlobals) = postSolution
		SolutionGuid = {A4A3C5BE-F599-44D1-8CBE-D77375205F0F}
	EndGlobalSection
EndGlobal
