
Microsoft Visual Studio Solution File, Format Version 12.00
# Visual Studio Version 17
VisualStudioVersion = 17.5.33530.505
MinimumVisualStudioVersion = 10.0.40219.1
Project("{FAE04EC0-301F-11D3-BF4B-00C04F79EFBC}") = "Lab01-1", "Lab01-1\Lab01-1.csproj", "{6D8ECE21-318A-49C3-AD8F-2245A5F9C128}"
EndProject
Global
	GlobalSection(SolutionConfigurationPlatforms) = preSolution
		Debug|Any CPU = Debug|Any CPU
		Release|Any CPU = Release|Any CPU
	EndGlobalSection
	GlobalSection(ProjectConfigurationPlatforms) = postSolution
		{6D8ECE21-318A-49C3-AD8F-2245A5F9C128}.Debug|Any CPU.ActiveCfg = Debug|Any CPU
		{6D8ECE21-318A-49C3-AD8F-2245A5F9C128}.Debug|Any CPU.Build.0 = Debug|Any CPU
		{6D8ECE21-318A-49C3-AD8F-2245A5F9C128}.Release|Any CPU.ActiveCfg = Release|Any CPU
		{6D8ECE21-318A-49C3-AD8F-2245A5F9C128}.Release|Any CPU.Build.0 = Release|Any CPU
	EndGlobalSection
	GlobalSection(SolutionProperties) = preSolution
		HideSolutionNode = FALSE
	EndGlobalSection
	GlobalSection(ExtensibilityGlobals) = postSolution
		SolutionGuid = {0F00DE7B-40AB-4BB0-A2A4-3E93DBD1E33A}
	EndGlobalSection
EndGlobal
